
Microsoft Visual Studio Solution File, Format Version 12.00
# Visual Studio Version 17
VisualStudioVersion = 17.0.31903.59
MinimumVisualStudioVersion = 10.0.40219.1
Project("{9A19103F-16F7-4668-BE54-9A1E7A4F7556}") = "Sekta.Core", "Sekta.Core\Sekta.Core.csproj", "{A267DCE9-2D21-453F-9AD8-EBDF8254FCEC}"
EndProject
Project("{9A19103F-16F7-4668-BE54-9A1E7A4F7556}") = "Sekta.Frontend.Wpf", "Sekta.Frontend.Wpf\Sekta.Frontend.Wpf.csproj", "{D00B6C81-5BCA-4426-A0D8-601B30BF3949}"
EndProject
Project("{9A19103F-16F7-4668-BE54-9A1E7A4F7556}") = "Sekta.Admx.Schema", "Sekta.Admx.Schema\Sekta.Admx.Schema.csproj", "{097AACD4-712B-428D-A55B-5778AA18F012}"
EndProject
Project("{C7167F0D-BC9F-4E6E-AFE1-012C56B48DB5}") = "Sekta.Installer.Msix", "Sekta.Installer.Msix\Sekta.Installer.Msix.wapproj", "{1FDDDA37-D353-40B6-9613-3FA6C3D33DD5}"
EndProject
Global
	GlobalSection(SolutionConfigurationPlatforms) = preSolution
		Debug|Any CPU = Debug|Any CPU
		Debug|ARM = Debug|ARM
		Debug|ARM64 = Debug|ARM64
		Debug|x64 = Debug|x64
		Debug|x86 = Debug|x86
		Release|Any CPU = Release|Any CPU
		Release|ARM = Release|ARM
		Release|ARM64 = Release|ARM64
		Release|x64 = Release|x64
		Release|x86 = Release|x86
	EndGlobalSection
	GlobalSection(ProjectConfigurationPlatforms) = postSolution
		{A267DCE9-2D21-453F-9AD8-EBDF8254FCEC}.Debug|Any CPU.ActiveCfg = Debug|Any CPU
		{A267DCE9-2D21-453F-9AD8-EBDF8254FCEC}.Debug|Any CPU.Build.0 = Debug|Any CPU
		{A267DCE9-2D21-453F-9AD8-EBDF8254FCEC}.Debug|ARM.ActiveCfg = Debug|Any CPU
		{A267DCE9-2D21-453F-9AD8-EBDF8254FCEC}.Debug|ARM.Build.0 = Debug|Any CPU
		{A267DCE9-2D21-453F-9AD8-EBDF8254FCEC}.Debug|ARM64.ActiveCfg = Debug|Any CPU
		{A267DCE9-2D21-453F-9AD8-EBDF8254FCEC}.Debug|ARM64.Build.0 = Debug|Any CPU
		{A267DCE9-2D21-453F-9AD8-EBDF8254FCEC}.Debug|x64.ActiveCfg = Debug|Any CPU
		{A267DCE9-2D21-453F-9AD8-EBDF8254FCEC}.Debug|x64.Build.0 = Debug|Any CPU
		{A267DCE9-2D21-453F-9AD8-EBDF8254FCEC}.Debug|x86.ActiveCfg = Debug|Any CPU
		{A267DCE9-2D21-453F-9AD8-EBDF8254FCEC}.Debug|x86.Build.0 = Debug|Any CPU
		{A267DCE9-2D21-453F-9AD8-EBDF8254FCEC}.Release|Any CPU.ActiveCfg = Release|Any CPU
		{A267DCE9-2D21-453F-9AD8-EBDF8254FCEC}.Release|Any CPU.Build.0 = Release|Any CPU
		{A267DCE9-2D21-453F-9AD8-EBDF8254FCEC}.Release|ARM.ActiveCfg = Release|Any CPU
		{A267DCE9-2D21-453F-9AD8-EBDF8254FCEC}.Release|ARM.Build.0 = Release|Any CPU
		{A267DCE9-2D21-453F-9AD8-EBDF8254FCEC}.Release|ARM64.ActiveCfg = Release|Any CPU
		{A267DCE9-2D21-453F-9AD8-EBDF8254FCEC}.Release|ARM64.Build.0 = Release|Any CPU
		{A267DCE9-2D21-453F-9AD8-EBDF8254FCEC}.Release|x64.ActiveCfg = Release|Any CPU
		{A267DCE9-2D21-453F-9AD8-EBDF8254FCEC}.Release|x64.Build.0 = Release|Any CPU
		{A267DCE9-2D21-453F-9AD8-EBDF8254FCEC}.Release|x86.ActiveCfg = Release|Any CPU
		{A267DCE9-2D21-453F-9AD8-EBDF8254FCEC}.Release|x86.Build.0 = Release|Any CPU
		{D00B6C81-5BCA-4426-A0D8-601B30BF3949}.Debug|Any CPU.ActiveCfg = Debug|Any CPU
		{D00B6C81-5BCA-4426-A0D8-601B30BF3949}.Debug|Any CPU.Build.0 = Debug|Any CPU
		{D00B6C81-5BCA-4426-A0D8-601B30BF3949}.Debug|ARM.ActiveCfg = Debug|Any CPU
		{D00B6C81-5BCA-4426-A0D8-601B30BF3949}.Debug|ARM.Build.0 = Debug|Any CPU
		{D00B6C81-5BCA-4426-A0D8-601B30BF3949}.Debug|ARM64.ActiveCfg = Debug|Any CPU
		{D00B6C81-5BCA-4426-A0D8-601B30BF3949}.Debug|ARM64.Build.0 = Debug|Any CPU
		{D00B6C81-5BCA-4426-A0D8-601B30BF3949}.Debug|x64.ActiveCfg = Debug|Any CPU
		{D00B6C81-5BCA-4426-A0D8-601B30BF3949}.Debug|x64.Build.0 = Debug|Any CPU
		{D00B6C81-5BCA-4426-A0D8-601B30BF3949}.Debug|x86.ActiveCfg = Debug|Any CPU
		{D00B6C81-5BCA-4426-A0D8-601B30BF3949}.Debug|x86.Build.0 = Debug|Any CPU
		{D00B6C81-5BCA-4426-A0D8-601B30BF3949}.Release|Any CPU.ActiveCfg = Release|Any CPU
		{D00B6C81-5BCA-4426-A0D8-601B30BF3949}.Release|Any CPU.Build.0 = Release|Any CPU
		{D00B6C81-5BCA-4426-A0D8-601B30BF3949}.Release|ARM.ActiveCfg = Release|Any CPU
		{D00B6C81-5BCA-4426-A0D8-601B30BF3949}.Release|ARM.Build.0 = Release|Any CPU
		{D00B6C81-5BCA-4426-A0D8-601B30BF3949}.Release|ARM64.ActiveCfg = Release|Any CPU
		{D00B6C81-5BCA-4426-A0D8-601B30BF3949}.Release|ARM64.Build.0 = Release|Any CPU
		{D00B6C81-5BCA-4426-A0D8-601B30BF3949}.Release|x64.ActiveCfg = Release|Any CPU
		{D00B6C81-5BCA-4426-A0D8-601B30BF3949}.Release|x64.Build.0 = Release|Any CPU
		{D00B6C81-5BCA-4426-A0D8-601B30BF3949}.Release|x86.ActiveCfg = Release|Any CPU
		{D00B6C81-5BCA-4426-A0D8-601B30BF3949}.Release|x86.Build.0 = Release|Any CPU
		{097AACD4-712B-428D-A55B-5778AA18F012}.Debug|Any CPU.ActiveCfg = Debug|Any CPU
		{097AACD4-712B-428D-A55B-5778AA18F012}.Debug|Any CPU.Build.0 = Debug|Any CPU
		{097AACD4-712B-428D-A55B-5778AA18F012}.Debug|ARM.ActiveCfg = Debug|Any CPU
		{097AACD4-712B-428D-A55B-5778AA18F012}.Debug|ARM.Build.0 = Debug|Any CPU
		{097AACD4-712B-428D-A55B-5778AA18F012}.Debug|ARM64.ActiveCfg = Debug|Any CPU
		{097AACD4-712B-428D-A55B-5778AA18F012}.Debug|ARM64.Build.0 = Debug|Any CPU
		{097AACD4-712B-428D-A55B-5778AA18F012}.Debug|x64.ActiveCfg = Debug|Any CPU
		{097AACD4-712B-428D-A55B-5778AA18F012}.Debug|x64.Build.0 = Debug|Any CPU
		{097AACD4-712B-428D-A55B-5778AA18F012}.Debug|x86.ActiveCfg = Debug|Any CPU
		{097AACD4-712B-428D-A55B-5778AA18F012}.Debug|x86.Build.0 = Debug|Any CPU
		{097AACD4-712B-428D-A55B-5778AA18F012}.Release|Any CPU.ActiveCfg = Release|Any CPU
		{097AACD4-712B-428D-A55B-5778AA18F012}.Release|Any CPU.Build.0 = Release|Any CPU
		{097AACD4-712B-428D-A55B-5778AA18F012}.Release|ARM.ActiveCfg = Release|Any CPU
		{097AACD4-712B-428D-A55B-5778AA18F012}.Release|ARM.Build.0 = Release|Any CPU
		{097AACD4-712B-428D-A55B-5778AA18F012}.Release|ARM64.ActiveCfg = Release|Any CPU
		{097AACD4-712B-428D-A55B-5778AA18F012}.Release|ARM64.Build.0 = Release|Any CPU
		{097AACD4-712B-428D-A55B-5778AA18F012}.Release|x64.ActiveCfg = Release|Any CPU
		{097AACD4-712B-428D-A55B-5778AA18F012}.Release|x64.Build.0 = Release|Any CPU
		{097AACD4-712B-428D-A55B-5778AA18F012}.Release|x86.ActiveCfg = Release|Any CPU
		{097AACD4-712B-428D-A55B-5778AA18F012}.Release|x86.Build.0 = Release|Any CPU
		{1FDDDA37-D353-40B6-9613-3FA6C3D33DD5}.Debug|Any CPU.ActiveCfg = Debug|Any CPU
		{1FDDDA37-D353-40B6-9613-3FA6C3D33DD5}.Debug|Any CPU.Build.0 = Debug|Any CPU
		{1FDDDA37-D353-40B6-9613-3FA6C3D33DD5}.Debug|Any CPU.Deploy.0 = Debug|Any CPU
		{1FDDDA37-D353-40B6-9613-3FA6C3D33DD5}.Debug|ARM.ActiveCfg = Debug|ARM
		{1FDDDA37-D353-40B6-9613-3FA6C3D33DD5}.Debug|ARM.Build.0 = Debug|ARM
		{1FDDDA37-D353-40B6-9613-3FA6C3D33DD5}.Debug|ARM.Deploy.0 = Debug|ARM
		{1FDDDA37-D353-40B6-9613-3FA6C3D33DD5}.Debug|ARM64.ActiveCfg = Debug|ARM64
		{1FDDDA37-D353-40B6-9613-3FA6C3D33DD5}.Debug|ARM64.Build.0 = Debug|ARM64
		{1FDDDA37-D353-40B6-9613-3FA6C3D33DD5}.Debug|ARM64.Deploy.0 = Debug|ARM64
		{1FDDDA37-D353-40B6-9613-3FA6C3D33DD5}.Debug|x64.ActiveCfg = Debug|x64
		{1FDDDA37-D353-40B6-9613-3FA6C3D33DD5}.Debug|x64.Build.0 = Debug|x64
		{1FDDDA37-D353-40B6-9613-3FA6C3D33DD5}.Debug|x64.Deploy.0 = Debug|x64
		{1FDDDA37-D353-40B6-9613-3FA6C3D33DD5}.Debug|x86.ActiveCfg = Debug|x86
		{1FDDDA37-D353-40B6-9613-3FA6C3D33DD5}.Debug|x86.Build.0 = Debug|x86
		{1FDDDA37-D353-40B6-9613-3FA6C3D33DD5}.Debug|x86.Deploy.0 = Debug|x86
		{1FDDDA37-D353-40B6-9613-3FA6C3D33DD5}.Release|Any CPU.ActiveCfg = Release|Any CPU
		{1FDDDA37-D353-40B6-9613-3FA6C3D33DD5}.Release|Any CPU.Build.0 = Release|Any CPU
		{1FDDDA37-D353-40B6-9613-3FA6C3D33DD5}.Release|Any CPU.Deploy.0 = Release|Any CPU
		{1FDDDA37-D353-40B6-9613-3FA6C3D33DD5}.Release|ARM.ActiveCfg = Release|ARM
		{1FDDDA37-D353-40B6-9613-3FA6C3D33DD5}.Release|ARM.Build.0 = Release|ARM
		{1FDDDA37-D353-40B6-9613-3FA6C3D33DD5}.Release|ARM.Deploy.0 = Release|ARM
		{1FDDDA37-D353-40B6-9613-3FA6C3D33DD5}.Release|ARM64.ActiveCfg = Release|ARM64
		{1FDDDA37-D353-40B6-9613-3FA6C3D33DD5}.Release|ARM64.Build.0 = Release|ARM64
		{1FDDDA37-D353-40B6-9613-3FA6C3D33DD5}.Release|ARM64.Deploy.0 = Release|ARM64
		{1FDDDA37-D353-40B6-9613-3FA6C3D33DD5}.Release|x64.ActiveCfg = Release|x64
		{1FDDDA37-D353-40B6-9613-3FA6C3D33DD5}.Release|x64.Build.0 = Release|x64
		{1FDDDA37-D353-40B6-9613-3FA6C3D33DD5}.Release|x64.Deploy.0 = Release|x64
		{1FDDDA37-D353-40B6-9613-3FA6C3D33DD5}.Release|x86.ActiveCfg = Release|x86
		{1FDDDA37-D353-40B6-9613-3FA6C3D33DD5}.Release|x86.Build.0 = Release|x86
		{1FDDDA37-D353-40B6-9613-3FA6C3D33DD5}.Release|x86.Deploy.0 = Release|x86
	EndGlobalSection
	GlobalSection(SolutionProperties) = preSolution
		HideSolutionNode = FALSE
	EndGlobalSection
	GlobalSection(ExtensibilityGlobals) = postSolution
		SolutionGuid = {044229DC-60DF-4241-93CF-67AD9B07B21D}
	EndGlobalSection
EndGlobal
